// !$*UTF8*$!
{
	archiveVersion = 1;
	classes = {
	};
	objectVersion = 46;
	objects = {

/* Begin PBXBuildFile section */
		4085FF4A1F478BDE005FB723 /* main.m in Sources */ = {isa = PBXBuildFile; fileRef = 4085FF491F478BDE005FB723 /* main.m */; };
		4085FF4D1F478BDE005FB723 /* AppDelegate.m in Sources */ = {isa = PBXBuildFile; fileRef = 4085FF4C1F478BDE005FB723 /* AppDelegate.m */; };
		4085FF531F478BDE005FB723 /* Main.storyboard in Resources */ = {isa = PBXBuildFile; fileRef = 4085FF511F478BDE005FB723 /* Main.storyboard */; };
		4085FF551F478BDE005FB723 /* Assets.xcassets in Resources */ = {isa = PBXBuildFile; fileRef = 4085FF541F478BDE005FB723 /* Assets.xcassets */; };
		4085FF581F478BDE005FB723 /* LaunchScreen.storyboard in Resources */ = {isa = PBXBuildFile; fileRef = 4085FF561F478BDE005FB723 /* LaunchScreen.storyboard */; };
		4085FF631F47928E005FB723 /* NGNOrbitsViewController.m in Sources */ = {isa = PBXBuildFile; fileRef = 4085FF621F47928E005FB723 /* NGNOrbitsViewController.m */; };
		4085FF661F4792A2005FB723 /* NGNBasicViewController.m in Sources */ = {isa = PBXBuildFile; fileRef = 4085FF651F4792A2005FB723 /* NGNBasicViewController.m */; };
		4085FF691F4792CC005FB723 /* NGNLouversViewController.m in Sources */ = {isa = PBXBuildFile; fileRef = 4085FF681F4792CC005FB723 /* NGNLouversViewController.m */; };
		4085FF6C1F479329005FB723 /* NGNRunningLineViewController.m in Sources */ = {isa = PBXBuildFile; fileRef = 4085FF6B1F479329005FB723 /* NGNRunningLineViewController.m */; };
		4085FF6F1F47934F005FB723 /* NGNButtonAnimationsViewController.m in Sources */ = {isa = PBXBuildFile; fileRef = 4085FF6E1F47934F005FB723 /* NGNButtonAnimationsViewController.m */; };
		4085FF721F479369005FB723 /* NGNCarRacingViewController.m in Sources */ = {isa = PBXBuildFile; fileRef = 4085FF711F479369005FB723 /* NGNCarRacingViewController.m */; };
		4085FF791F48C470005FB723 /* NGNOrbitView.m in Sources */ = {isa = PBXBuildFile; fileRef = 4085FF781F48C470005FB723 /* NGNOrbitView.m */; };
		4085FF7B1F48C48D005FB723 /* NGNOrbitView.xib in Resources */ = {isa = PBXBuildFile; fileRef = 4085FF7A1F48C48D005FB723 /* NGNOrbitView.xib */; };
/* End PBXBuildFile section */

/* Begin PBXFileReference section */
		4085FF451F478BDE005FB723 /* CoreAnimations.app */ = {isa = PBXFileReference; explicitFileType = wrapper.application; includeInIndex = 0; path = CoreAnimations.app; sourceTree = BUILT_PRODUCTS_DIR; };
		4085FF491F478BDE005FB723 /* main.m */ = {isa = PBXFileReference; lastKnownFileType = sourcecode.c.objc; path = main.m; sourceTree = "<group>"; };
		4085FF4B1F478BDE005FB723 /* AppDelegate.h */ = {isa = PBXFileReference; lastKnownFileType = sourcecode.c.h; path = AppDelegate.h; sourceTree = "<group>"; };
		4085FF4C1F478BDE005FB723 /* AppDelegate.m */ = {isa = PBXFileReference; lastKnownFileType = sourcecode.c.objc; path = AppDelegate.m; sourceTree = "<group>"; };
		4085FF521F478BDE005FB723 /* Base */ = {isa = PBXFileReference; lastKnownFileType = file.storyboard; name = Base; path = Base.lproj/Main.storyboard; sourceTree = "<group>"; };
		4085FF541F478BDE005FB723 /* Assets.xcassets */ = {isa = PBXFileReference; lastKnownFileType = folder.assetcatalog; path = Assets.xcassets; sourceTree = "<group>"; };
		4085FF571F478BDE005FB723 /* Base */ = {isa = PBXFileReference; lastKnownFileType = file.storyboard; name = Base; path = Base.lproj/LaunchScreen.storyboard; sourceTree = "<group>"; };
		4085FF591F478BDE005FB723 /* Info.plist */ = {isa = PBXFileReference; lastKnownFileType = text.plist.xml; path = Info.plist; sourceTree = "<group>"; };
		4085FF611F47928E005FB723 /* NGNOrbitsViewController.h */ = {isa = PBXFileReference; fileEncoding = 4; lastKnownFileType = sourcecode.c.h; name = NGNOrbitsViewController.h; path = Controller/NGNOrbitsViewController.h; sourceTree = "<group>"; };
		4085FF621F47928E005FB723 /* NGNOrbitsViewController.m */ = {isa = PBXFileReference; fileEncoding = 4; lastKnownFileType = sourcecode.c.objc; name = NGNOrbitsViewController.m; path = Controller/NGNOrbitsViewController.m; sourceTree = "<group>"; };
		4085FF641F4792A2005FB723 /* NGNBasicViewController.h */ = {isa = PBXFileReference; fileEncoding = 4; lastKnownFileType = sourcecode.c.h; name = NGNBasicViewController.h; path = Controller/NGNBasicViewController.h; sourceTree = "<group>"; };
		4085FF651F4792A2005FB723 /* NGNBasicViewController.m */ = {isa = PBXFileReference; fileEncoding = 4; lastKnownFileType = sourcecode.c.objc; name = NGNBasicViewController.m; path = Controller/NGNBasicViewController.m; sourceTree = "<group>"; };
		4085FF671F4792CC005FB723 /* NGNLouversViewController.h */ = {isa = PBXFileReference; fileEncoding = 4; lastKnownFileType = sourcecode.c.h; name = NGNLouversViewController.h; path = Controller/NGNLouversViewController.h; sourceTree = "<group>"; };
		4085FF681F4792CC005FB723 /* NGNLouversViewController.m */ = {isa = PBXFileReference; fileEncoding = 4; lastKnownFileType = sourcecode.c.objc; name = NGNLouversViewController.m; path = Controller/NGNLouversViewController.m; sourceTree = "<group>"; };
		4085FF6A1F479329005FB723 /* NGNRunningLineViewController.h */ = {isa = PBXFileReference; fileEncoding = 4; lastKnownFileType = sourcecode.c.h; name = NGNRunningLineViewController.h; path = Controller/NGNRunningLineViewController.h; sourceTree = "<group>"; };
		4085FF6B1F479329005FB723 /* NGNRunningLineViewController.m */ = {isa = PBXFileReference; fileEncoding = 4; lastKnownFileType = sourcecode.c.objc; name = NGNRunningLineViewController.m; path = Controller/NGNRunningLineViewController.m; sourceTree = "<group>"; };
		4085FF6D1F47934F005FB723 /* NGNButtonAnimationsViewController.h */ = {isa = PBXFileReference; fileEncoding = 4; lastKnownFileType = sourcecode.c.h; name = NGNButtonAnimationsViewController.h; path = Controller/NGNButtonAnimationsViewController.h; sourceTree = "<group>"; };
		4085FF6E1F47934F005FB723 /* NGNButtonAnimationsViewController.m */ = {isa = PBXFileReference; fileEncoding = 4; lastKnownFileType = sourcecode.c.objc; name = NGNButtonAnimationsViewController.m; path = Controller/NGNButtonAnimationsViewController.m; sourceTree = "<group>"; };
		4085FF701F479369005FB723 /* NGNCarRacingViewController.h */ = {isa = PBXFileReference; fileEncoding = 4; lastKnownFileType = sourcecode.c.h; name = NGNCarRacingViewController.h; path = Controller/NGNCarRacingViewController.h; sourceTree = "<group>"; };
		4085FF711F479369005FB723 /* NGNCarRacingViewController.m */ = {isa = PBXFileReference; fileEncoding = 4; lastKnownFileType = sourcecode.c.objc; name = NGNCarRacingViewController.m; path = Controller/NGNCarRacingViewController.m; sourceTree = "<group>"; };
		4085FF771F48C470005FB723 /* NGNOrbitView.h */ = {isa = PBXFileReference; fileEncoding = 4; lastKnownFileType = sourcecode.c.h; name = NGNOrbitView.h; path = View/NGNOrbitView.h; sourceTree = "<group>"; };
		4085FF781F48C470005FB723 /* NGNOrbitView.m */ = {isa = PBXFileReference; fileEncoding = 4; lastKnownFileType = sourcecode.c.objc; name = NGNOrbitView.m; path = View/NGNOrbitView.m; sourceTree = "<group>"; };
		4085FF7A1F48C48D005FB723 /* NGNOrbitView.xib */ = {isa = PBXFileReference; fileEncoding = 4; lastKnownFileType = file.xib; name = NGNOrbitView.xib; path = View/NGNOrbitView.xib; sourceTree = "<group>"; };
/* End PBXFileReference section */

/* Begin PBXFrameworksBuildPhase section */
		4085FF421F478BDE005FB723 /* Frameworks */ = {
			isa = PBXFrameworksBuildPhase;
			buildActionMask = 2147483647;
			files = (
			);
			runOnlyForDeploymentPostprocessing = 0;
		};
/* End PBXFrameworksBuildPhase section */

/* Begin PBXGroup section */
		4085FF3C1F478BDE005FB723 = {
			isa = PBXGroup;
			children = (
				4085FF471F478BDE005FB723 /* CoreAnimations */,
				4085FF461F478BDE005FB723 /* Products */,
			);
			sourceTree = "<group>";
		};
		4085FF461F478BDE005FB723 /* Products */ = {
			isa = PBXGroup;
			children = (
				4085FF451F478BDE005FB723 /* CoreAnimations.app */,
			);
			name = Products;
			sourceTree = "<group>";
		};
		4085FF471F478BDE005FB723 /* CoreAnimations */ = {
			isa = PBXGroup;
			children = (
				4085FF731F48C410005FB723 /* View */,
				4085FF601F479265005FB723 /* Controller */,
				4085FF4B1F478BDE005FB723 /* AppDelegate.h */,
				4085FF4C1F478BDE005FB723 /* AppDelegate.m */,
				4085FF481F478BDE005FB723 /* Supporting Files */,
			);
			path = CoreAnimations;
			sourceTree = "<group>";
		};
		4085FF481F478BDE005FB723 /* Supporting Files */ = {
			isa = PBXGroup;
			children = (
				4085FF511F478BDE005FB723 /* Main.storyboard */,
				4085FF541F478BDE005FB723 /* Assets.xcassets */,
				4085FF561F478BDE005FB723 /* LaunchScreen.storyboard */,
				4085FF591F478BDE005FB723 /* Info.plist */,
				4085FF491F478BDE005FB723 /* main.m */,
			);
			name = "Supporting Files";
			sourceTree = "<group>";
		};
		4085FF601F479265005FB723 /* Controller */ = {
			isa = PBXGroup;
			children = (
				4085FF641F4792A2005FB723 /* NGNBasicViewController.h */,
				4085FF651F4792A2005FB723 /* NGNBasicViewController.m */,
				4085FF611F47928E005FB723 /* NGNOrbitsViewController.h */,
				4085FF621F47928E005FB723 /* NGNOrbitsViewController.m */,
				4085FF671F4792CC005FB723 /* NGNLouversViewController.h */,
				4085FF681F4792CC005FB723 /* NGNLouversViewController.m */,
				4085FF6A1F479329005FB723 /* NGNRunningLineViewController.h */,
				4085FF6B1F479329005FB723 /* NGNRunningLineViewController.m */,
				4085FF6D1F47934F005FB723 /* NGNButtonAnimationsViewController.h */,
				4085FF6E1F47934F005FB723 /* NGNButtonAnimationsViewController.m */,
				4085FF701F479369005FB723 /* NGNCarRacingViewController.h */,
				4085FF711F479369005FB723 /* NGNCarRacingViewController.m */,
			);
			name = Controller;
			sourceTree = "<group>";
		};
		4085FF731F48C410005FB723 /* View */ = {
			isa = PBXGroup;
			children = (
				4085FF771F48C470005FB723 /* NGNOrbitView.h */,
				4085FF781F48C470005FB723 /* NGNOrbitView.m */,
				4085FF7A1F48C48D005FB723 /* NGNOrbitView.xib */,
			);
			name = View;
			sourceTree = "<group>";
		};
/* End PBXGroup section */

/* Begin PBXNativeTarget section */
		4085FF441F478BDE005FB723 /* CoreAnimations */ = {
			isa = PBXNativeTarget;
			buildConfigurationList = 4085FF5C1F478BDE005FB723 /* Build configuration list for PBXNativeTarget "CoreAnimations" */;
			buildPhases = (
				4085FF411F478BDE005FB723 /* Sources */,
				4085FF421F478BDE005FB723 /* Frameworks */,
				4085FF431F478BDE005FB723 /* Resources */,
			);
			buildRules = (
			);
			dependencies = (
			);
			name = CoreAnimations;
			productName = CoreAnimations;
			productReference = 4085FF451F478BDE005FB723 /* CoreAnimations.app */;
			productType = "com.apple.product-type.application";
		};
/* End PBXNativeTarget section */

/* Begin PBXProject section */
		4085FF3D1F478BDE005FB723 /* Project object */ = {
			isa = PBXProject;
			attributes = {
				CLASSPREFIX = NGN;
				LastUpgradeCheck = 0830;
				ORGANIZATIONNAME = "Alexey Stafeyev";
				TargetAttributes = {
					4085FF441F478BDE005FB723 = {
						CreatedOnToolsVersion = 8.3.3;
						DevelopmentTeam = 9M22BH66EU;
						ProvisioningStyle = Automatic;
					};
				};
			};
			buildConfigurationList = 4085FF401F478BDE005FB723 /* Build configuration list for PBXProject "CoreAnimations" */;
			compatibilityVersion = "Xcode 3.2";
			developmentRegion = English;
			hasScannedForEncodings = 0;
			knownRegions = (
				en,
				Base,
			);
			mainGroup = 4085FF3C1F478BDE005FB723;
			productRefGroup = 4085FF461F478BDE005FB723 /* Products */;
			projectDirPath = "";
			projectRoot = "";
			targets = (
				4085FF441F478BDE005FB723 /* CoreAnimations */,
			);
		};
/* End PBXProject section */

/* Begin PBXResourcesBuildPhase section */
		4085FF431F478BDE005FB723 /* Resources */ = {
			isa = PBXResourcesBuildPhase;
			buildActionMask = 2147483647;
			files = (
				4085FF581F478BDE005FB723 /* LaunchScreen.storyboard in Resources */,
				4085FF551F478BDE005FB723 /* Assets.xcassets in Resources */,
				4085FF531F478BDE005FB723 /* Main.storyboard in Resources */,
				4085FF7B1F48C48D005FB723 /* NGNOrbitView.xib in Resources */,
			);
			runOnlyForDeploymentPostprocessing = 0;
		};
/* End PBXResourcesBuildPhase section */

/* Begin PBXSourcesBuildPhase section */
		4085FF411F478BDE005FB723 /* Sources */ = {
			isa = PBXSourcesBuildPhase;
			buildActionMask = 2147483647;
			files = (
				4085FF791F48C470005FB723 /* NGNOrbitView.m in Sources */,
				4085FF631F47928E005FB723 /* NGNOrbitsViewController.m in Sources */,
				4085FF691F4792CC005FB723 /* NGNLouversViewController.m in Sources */,
				4085FF4D1F478BDE005FB723 /* AppDelegate.m in Sources */,
				4085FF721F479369005FB723 /* NGNCarRacingViewController.m in Sources */,
				4085FF4A1F478BDE005FB723 /* main.m in Sources */,
				4085FF6C1F479329005FB723 /* NGNRunningLineViewController.m in Sources */,
				4085FF6F1F47934F005FB723 /* NGNButtonAnimationsViewController.m in Sources */,
				4085FF661F4792A2005FB723 /* NGNBasicViewController.m in Sources */,
			);
			runOnlyForDeploymentPostprocessing = 0;
		};
/* End PBXSourcesBuildPhase section */

/* Begin PBXVariantGroup section */
		4085FF511F478BDE005FB723 /* Main.storyboard */ = {
			isa = PBXVariantGroup;
			children = (
				4085FF521F478BDE005FB723 /* Base */,
			);
			name = Main.storyboard;
			sourceTree = "<group>";
		};
		4085FF561F478BDE005FB723 /* LaunchScreen.storyboard */ = {
			isa = PBXVariantGroup;
			children = (
				4085FF571F478BDE005FB723 /* Base */,
			);
			name = LaunchScreen.storyboard;
			sourceTree = "<group>";
		};
/* End PBXVariantGroup section */

/* Begin XCBuildConfiguration section */
		4085FF5A1F478BDE005FB723 /* Debug */ = {
			isa = XCBuildConfiguration;
			buildSettings = {
				ALWAYS_SEARCH_USER_PATHS = NO;
				CLANG_ANALYZER_NONNULL = YES;
				CLANG_ANALYZER_NUMBER_OBJECT_CONVERSION = YES_AGGRESSIVE;
				CLANG_CXX_LANGUAGE_STANDARD = "gnu++0x";
				CLANG_CXX_LIBRARY = "libc++";
				CLANG_ENABLE_MODULES = YES;
				CLANG_ENABLE_OBJC_ARC = YES;
				CLANG_WARN_BOOL_CONVERSION = YES;
				CLANG_WARN_CONSTANT_CONVERSION = YES;
				CLANG_WARN_DIRECT_OBJC_ISA_USAGE = YES_ERROR;
				CLANG_WARN_DOCUMENTATION_COMMENTS = YES;
				CLANG_WARN_EMPTY_BODY = YES;
				CLANG_WARN_ENUM_CONVERSION = YES;
				CLANG_WARN_INFINITE_RECURSION = YES;
				CLANG_WARN_INT_CONVERSION = YES;
				CLANG_WARN_OBJC_ROOT_CLASS = YES_ERROR;
				CLANG_WARN_SUSPICIOUS_MOVE = YES;
				CLANG_WARN_UNREACHABLE_CODE = YES;
				CLANG_WARN__DUPLICATE_METHOD_MATCH = YES;
				"CODE_SIGN_IDENTITY[sdk=iphoneos*]" = "iPhone Developer";
				COPY_PHASE_STRIP = NO;
				DEBUG_INFORMATION_FORMAT = dwarf;
				ENABLE_STRICT_OBJC_MSGSEND = YES;
				ENABLE_TESTABILITY = YES;
				GCC_C_LANGUAGE_STANDARD = gnu99;
				GCC_DYNAMIC_NO_PIC = NO;
				GCC_NO_COMMON_BLOCKS = YES;
				GCC_OPTIMIZATION_LEVEL = 0;
				GCC_PREPROCESSOR_DEFINITIONS = (
					"DEBUG=1",
					"$(inherited)",
				);
				GCC_WARN_64_TO_32_BIT_CONVERSION = YES;
				GCC_WARN_ABOUT_RETURN_TYPE = YES_ERROR;
				GCC_WARN_UNDECLARED_SELECTOR = YES;
				GCC_WARN_UNINITIALIZED_AUTOS = YES_AGGRESSIVE;
				GCC_WARN_UNUSED_FUNCTION = YES;
				GCC_WARN_UNUSED_VARIABLE = YES;
				IPHONEOS_DEPLOYMENT_TARGET = 10.3;
				MTL_ENABLE_DEBUG_INFO = YES;
				ONLY_ACTIVE_ARCH = YES;
				SDKROOT = iphoneos;
			};
			name = Debug;
		};
		4085FF5B1F478BDE005FB723 /* Release */ = {
			isa = XCBuildConfiguration;
			buildSettings = {
				ALWAYS_SEARCH_USER_PATHS = NO;
				CLANG_ANALYZER_NONNULL = YES;
				CLANG_ANALYZER_NUMBER_OBJECT_CONVERSION = YES_AGGRESSIVE;
				CLANG_CXX_LANGUAGE_STANDARD = "gnu++0x";
				CLANG_CXX_LIBRARY = "libc++";
				CLANG_ENABLE_MODULES = YES;
				CLANG_ENABLE_OBJC_ARC = YES;
				CLANG_WARN_BOOL_CONVERSION = YES;
				CLANG_WARN_CONSTANT_CONVERSION = YES;
				CLANG_WARN_DIRECT_OBJC_ISA_USAGE = YES_ERROR;
				CLANG_WARN_DOCUMENTATION_COMMENTS = YES;
				CLANG_WARN_EMPTY_BODY = YES;
				CLANG_WARN_ENUM_CONVERSION = YES;
				CLANG_WARN_INFINITE_RECURSION = YES;
				CLANG_WARN_INT_CONVERSION = YES;
				CLANG_WARN_OBJC_ROOT_CLASS = YES_ERROR;
				CLANG_WARN_SUSPICIOUS_MOVE = YES;
				CLANG_WARN_UNREACHABLE_CODE = YES;
				CLANG_WARN__DUPLICATE_METHOD_MATCH = YES;
				"CODE_SIGN_IDENTITY[sdk=iphoneos*]" = "iPhone Developer";
				COPY_PHASE_STRIP = NO;
				DEBUG_INFORMATION_FORMAT = "dwarf-with-dsym";
				ENABLE_NS_ASSERTIONS = NO;
				ENABLE_STRICT_OBJC_MSGSEND = YES;
				GCC_C_LANGUAGE_STANDARD = gnu99;
				GCC_NO_COMMON_BLOCKS = YES;
				GCC_WARN_64_TO_32_BIT_CONVERSION = YES;
				GCC_WARN_ABOUT_RETURN_TYPE = YES_ERROR;
				GCC_WARN_UNDECLARED_SELECTOR = YES;
				GCC_WARN_UNINITIALIZED_AUTOS = YES_AGGRESSIVE;
				GCC_WARN_UNUSED_FUNCTION = YES;
				GCC_WARN_UNUSED_VARIABLE = YES;
				IPHONEOS_DEPLOYMENT_TARGET = 10.3;
				MTL_ENABLE_DEBUG_INFO = NO;
				SDKROOT = iphoneos;
				VALIDATE_PRODUCT = YES;
			};
			name = Release;
		};
		4085FF5D1F478BDE005FB723 /* Debug */ = {
			isa = XCBuildConfiguration;
			buildSettings = {
				ASSETCATALOG_COMPILER_APPICON_NAME = AppIcon;
				DEVELOPMENT_TEAM = 9M22BH66EU;
				INFOPLIST_FILE = CoreAnimations/Info.plist;
				IPHONEOS_DEPLOYMENT_TARGET = 10.0;
				LD_RUNPATH_SEARCH_PATHS = "$(inherited) @executable_path/Frameworks";
				PRODUCT_BUNDLE_IDENTIFIER = NGN.CoreAnimations;
				PRODUCT_NAME = "$(TARGET_NAME)";
			};
			name = Debug;
		};
		4085FF5E1F478BDE005FB723 /* Release */ = {
			isa = XCBuildConfiguration;
			buildSettings = {
				ASSETCATALOG_COMPILER_APPICON_NAME = AppIcon;
				DEVELOPMENT_TEAM = 9M22BH66EU;
				INFOPLIST_FILE = CoreAnimations/Info.plist;
				IPHONEOS_DEPLOYMENT_TARGET = 10.0;
				LD_RUNPATH_SEARCH_PATHS = "$(inherited) @executable_path/Frameworks";
				PRODUCT_BUNDLE_IDENTIFIER = NGN.CoreAnimations;
				PRODUCT_NAME = "$(TARGET_NAME)";
			};
			name = Release;
		};
/* End XCBuildConfiguration section */

/* Begin XCConfigurationList section */
		4085FF401F478BDE005FB723 /* Build configuration list for PBXProject "CoreAnimations" */ = {
			isa = XCConfigurationList;
			buildConfigurations = (
				4085FF5A1F478BDE005FB723 /* Debug */,
				4085FF5B1F478BDE005FB723 /* Release */,
			);
			defaultConfigurationIsVisible = 0;
			defaultConfigurationName = Release;
		};
		4085FF5C1F478BDE005FB723 /* Build configuration list for PBXNativeTarget "CoreAnimations" */ = {
			isa = XCConfigurationList;
			buildConfigurations = (
				4085FF5D1F478BDE005FB723 /* Debug */,
				4085FF5E1F478BDE005FB723 /* Release */,
			);
			defaultConfigurationIsVisible = 0;
			defaultConfigurationName = Release;
		};
/* End XCConfigurationList section */
	};
	rootObject = 4085FF3D1F478BDE005FB723 /* Project object */;
}
